// !$*UTF8*$!
{
	archiveVersion = 1;
	classes = {
	};
	objectVersion = 77;
	objects = {

/* Begin PBXBuildFile section */
		733EB8602EE729210066845E /* soft-time Watch App.app in Embed Watch Content */ = {isa = PBXBuildFile; fileRef = 733EB85F2EE729210066845E /* soft-time Watch App.app */; settings = {ATTRIBUTES = (RemoveHeadersOnCopy, ); }; };
/* End PBXBuildFile section */

/* Begin PBXContainerItemProxy section */
		733EB8612EE729210066845E /* PBXContainerItemProxy */ = {
			isa = PBXContainerItemProxy;
			containerPortal = 733EB8532EE729210066845E /* Project object */;
			proxyType = 1;
			remoteGlobalIDString = 733EB85E2EE729210066845E;
			remoteInfo = "soft-time Watch App";
		};
		733EB8722EE729230066845E /* PBXContainerItemProxy */ = {
			isa = PBXContainerItemProxy;
			containerPortal = 733EB8532EE729210066845E /* Project object */;
			proxyType = 1;
			remoteGlobalIDString = 733EB85E2EE729210066845E;
			remoteInfo = "soft-time Watch App";
		};
		733EB87C2EE729230066845E /* PBXContainerItemProxy */ = {
			isa = PBXContainerItemProxy;
			containerPortal = 733EB8532EE729210066845E /* Project object */;
			proxyType = 1;
			remoteGlobalIDString = 733EB85E2EE729210066845E;
			remoteInfo = "soft-time Watch App";
		};
/* End PBXContainerItemProxy section */

/* Begin PBXCopyFilesBuildPhase section */
		733EB8882EE729230066845E /* Embed Watch Content */ = {
			isa = PBXCopyFilesBuildPhase;
			buildActionMask = 2147483647;
			dstPath = "$(CONTENTS_FOLDER_PATH)/Watch";
			dstSubfolderSpec = 16;
			files = (
				733EB8602EE729210066845E /* soft-time Watch App.app in Embed Watch Content */,
			);
			name = "Embed Watch Content";
			runOnlyForDeploymentPostprocessing = 0;
		};
/* End PBXCopyFilesBuildPhase section */

/* Begin PBXFileReference section */
		733EB8592EE729210066845E /* soft-time.app */ = {isa = PBXFileReference; explicitFileType = wrapper.application; includeInIndex = 0; path = "soft-time.app"; sourceTree = BUILT_PRODUCTS_DIR; };
		733EB85F2EE729210066845E /* soft-time Watch App.app */ = {isa = PBXFileReference; explicitFileType = wrapper.application; includeInIndex = 0; path = "soft-time Watch App.app"; sourceTree = BUILT_PRODUCTS_DIR; };
		733EB8712EE729230066845E /* soft-time Watch AppTests.xctest */ = {isa = PBXFileReference; explicitFileType = wrapper.cfbundle; includeInIndex = 0; path = "soft-time Watch AppTests.xctest"; sourceTree = BUILT_PRODUCTS_DIR; };
		733EB87B2EE729230066845E /* soft-time Watch AppUITests.xctest */ = {isa = PBXFileReference; explicitFileType = wrapper.cfbundle; includeInIndex = 0; path = "soft-time Watch AppUITests.xctest"; sourceTree = BUILT_PRODUCTS_DIR; };
/* End PBXFileReference section */

/* Begin PBXFileSystemSynchronizedRootGroup section */
		733EB8632EE729210066845E /* soft-time Watch App */ = {
			isa = PBXFileSystemSynchronizedRootGroup;
			path = "soft-time Watch App";
			sourceTree = "<group>";
		};
		733EB8742EE729230066845E /* soft-time Watch AppTests */ = {
			isa = PBXFileSystemSynchronizedRootGroup;
			path = "soft-time Watch AppTests";
			sourceTree = "<group>";
		};
		733EB87E2EE729230066845E /* soft-time Watch AppUITests */ = {
			isa = PBXFileSystemSynchronizedRootGroup;
			path = "soft-time Watch AppUITests";
			sourceTree = "<group>";
		};
/* End PBXFileSystemSynchronizedRootGroup section */

/* Begin PBXFrameworksBuildPhase section */
		733EB85C2EE729210066845E /* Frameworks */ = {
			isa = PBXFrameworksBuildPhase;
			buildActionMask = 2147483647;
			files = (
			);
			runOnlyForDeploymentPostprocessing = 0;
		};
		733EB86E2EE729230066845E /* Frameworks */ = {
			isa = PBXFrameworksBuildPhase;
			buildActionMask = 2147483647;
			files = (
			);
			runOnlyForDeploymentPostprocessing = 0;
		};
		733EB8782EE729230066845E /* Frameworks */ = {
			isa = PBXFrameworksBuildPhase;
			buildActionMask = 2147483647;
			files = (
			);
			runOnlyForDeploymentPostprocessing = 0;
		};
/* End PBXFrameworksBuildPhase section */

/* Begin PBXGroup section */
		733EB8522EE729210066845E = {
			isa = PBXGroup;
			children = (
				733EB8632EE729210066845E /* soft-time Watch App */,
				733EB8742EE729230066845E /* soft-time Watch AppTests */,
				733EB87E2EE729230066845E /* soft-time Watch AppUITests */,
				733EB85A2EE729210066845E /* Products */,
			);
			sourceTree = "<group>";
		};
		733EB85A2EE729210066845E /* Products */ = {
			isa = PBXGroup;
			children = (
				733EB8592EE729210066845E /* soft-time.app */,
				733EB85F2EE729210066845E /* soft-time Watch App.app */,
				733EB8712EE729230066845E /* soft-time Watch AppTests.xctest */,
				733EB87B2EE729230066845E /* soft-time Watch AppUITests.xctest */,
			);
			name = Products;
			sourceTree = "<group>";
		};
/* End PBXGroup section */

/* Begin PBXNativeTarget section */
		733EB8582EE729210066845E /* soft-time */ = {
			isa = PBXNativeTarget;
			buildConfigurationList = 733EB8892EE729230066845E /* Build configuration list for PBXNativeTarget "soft-time" */;
			buildPhases = (
				733EB8572EE729210066845E /* Resources */,
				733EB8882EE729230066845E /* Embed Watch Content */,
			);
			buildRules = (
			);
			dependencies = (
				733EB8622EE729210066845E /* PBXTargetDependency */,
			);
			name = "soft-time";
			packageProductDependencies = (
			);
			productName = "soft-time";
			productReference = 733EB8592EE729210066845E /* soft-time.app */;
			productType = "com.apple.product-type.application.watchapp2-container";
		};
		733EB85E2EE729210066845E /* soft-time Watch App */ = {
			isa = PBXNativeTarget;
			buildConfigurationList = 733EB8852EE729230066845E /* Build configuration list for PBXNativeTarget "soft-time Watch App" */;
			buildPhases = (
				733EB85B2EE729210066845E /* Sources */,
				733EB85C2EE729210066845E /* Frameworks */,
				733EB85D2EE729210066845E /* Resources */,
			);
			buildRules = (
			);
			dependencies = (
			);
			fileSystemSynchronizedGroups = (
				733EB8632EE729210066845E /* soft-time Watch App */,
			);
			name = "soft-time Watch App";
			packageProductDependencies = (
			);
			productName = "soft-time Watch App";
			productReference = 733EB85F2EE729210066845E /* soft-time Watch App.app */;
			productType = "com.apple.product-type.application";
		};
		733EB8702EE729230066845E /* soft-time Watch AppTests */ = {
			isa = PBXNativeTarget;
			buildConfigurationList = 733EB88C2EE729230066845E /* Build configuration list for PBXNativeTarget "soft-time Watch AppTests" */;
			buildPhases = (
				733EB86D2EE729230066845E /* Sources */,
				733EB86E2EE729230066845E /* Frameworks */,
				733EB86F2EE729230066845E /* Resources */,
			);
			buildRules = (
			);
			dependencies = (
				733EB8732EE729230066845E /* PBXTargetDependency */,
			);
			fileSystemSynchronizedGroups = (
				733EB8742EE729230066845E /* soft-time Watch AppTests */,
			);
			name = "soft-time Watch AppTests";
			packageProductDependencies = (
			);
			productName = "soft-time Watch AppTests";
			productReference = 733EB8712EE729230066845E /* soft-time Watch AppTests.xctest */;
			productType = "com.apple.product-type.bundle.unit-test";
		};
		733EB87A2EE729230066845E /* soft-time Watch AppUITests */ = {
			isa = PBXNativeTarget;
			buildConfigurationList = 733EB88F2EE729230066845E /* Build configuration list for PBXNativeTarget "soft-time Watch AppUITests" */;
			buildPhases = (
				733EB8772EE729230066845E /* Sources */,
				733EB8782EE729230066845E /* Frameworks */,
				733EB8792EE729230066845E /* Resources */,
			);
			buildRules = (
			);
			dependencies = (
				733EB87D2EE729230066845E /* PBXTargetDependency */,
			);
			fileSystemSynchronizedGroups = (
				733EB87E2EE729230066845E /* soft-time Watch AppUITests */,
			);
			name = "soft-time Watch AppUITests";
			packageProductDependencies = (
			);
			productName = "soft-time Watch AppUITests";
			productReference = 733EB87B2EE729230066845E /* soft-time Watch AppUITests.xctest */;
			productType = "com.apple.product-type.bundle.ui-testing";
		};
/* End PBXNativeTarget section */

/* Begin PBXProject section */
		733EB8532EE729210066845E /* Project object */ = {
			isa = PBXProject;
			attributes = {
				BuildIndependentTargetsInParallel = 1;
				LastSwiftUpdateCheck = 1610;
				LastUpgradeCheck = 1610;
				TargetAttributes = {
					733EB8582EE729210066845E = {
						CreatedOnToolsVersion = 16.1;
					};
					733EB85E2EE729210066845E = {
						CreatedOnToolsVersion = 16.1;
					};
					733EB8702EE729230066845E = {
						CreatedOnToolsVersion = 16.1;
						TestTargetID = 733EB85E2EE729210066845E;
					};
					733EB87A2EE729230066845E = {
						CreatedOnToolsVersion = 16.1;
						TestTargetID = 733EB85E2EE729210066845E;
					};
				};
			};
			buildConfigurationList = 733EB8562EE729210066845E /* Build configuration list for PBXProject "soft-time" */;
			developmentRegion = en;
			hasScannedForEncodings = 0;
			knownRegions = (
				en,
				Base,
			);
			mainGroup = 733EB8522EE729210066845E;
			minimizedProjectReferenceProxies = 1;
			preferredProjectObjectVersion = 77;
			productRefGroup = 733EB85A2EE729210066845E /* Products */;
			projectDirPath = "";
			projectRoot = "";
			targets = (
				733EB8582EE729210066845E /* soft-time */,
				733EB85E2EE729210066845E /* soft-time Watch App */,
				733EB8702EE729230066845E /* soft-time Watch AppTests */,
				733EB87A2EE729230066845E /* soft-time Watch AppUITests */,
			);
		};
/* End PBXProject section */

/* Begin PBXResourcesBuildPhase section */
		733EB8572EE729210066845E /* Resources */ = {
			isa = PBXResourcesBuildPhase;
			buildActionMask = 2147483647;
			files = (
			);
			runOnlyForDeploymentPostprocessing = 0;
		};
		733EB85D2EE729210066845E /* Resources */ = {
			isa = PBXResourcesBuildPhase;
			buildActionMask = 2147483647;
			files = (
			);
			runOnlyForDeploymentPostprocessing = 0;
		};
		733EB86F2EE729230066845E /* Resources */ = {
			isa = PBXResourcesBuildPhase;
			buildActionMask = 2147483647;
			files = (
			);
			runOnlyForDeploymentPostprocessing = 0;
		};
		733EB8792EE729230066845E /* Resources */ = {
			isa = PBXResourcesBuildPhase;
			buildActionMask = 2147483647;
			files = (
			);
			runOnlyForDeploymentPostprocessing = 0;
		};
/* End PBXResourcesBuildPhase section */

/* Begin PBXSourcesBuildPhase section */
		733EB85B2EE729210066845E /* Sources */ = {
			isa = PBXSourcesBuildPhase;
			buildActionMask = 2147483647;
			files = (
			);
			runOnlyForDeploymentPostprocessing = 0;
		};
		733EB86D2EE729230066845E /* Sources */ = {
			isa = PBXSourcesBuildPhase;
			buildActionMask = 2147483647;
			files = (
			);
			runOnlyForDeploymentPostprocessing = 0;
		};
		733EB8772EE729230066845E /* Sources */ = {
			isa = PBXSourcesBuildPhase;
			buildActionMask = 2147483647;
			files = (
			);
			runOnlyForDeploymentPostprocessing = 0;
		};
/* End PBXSourcesBuildPhase section */

/* Begin PBXTargetDependency section */
		733EB8622EE729210066845E /* PBXTargetDependency */ = {
			isa = PBXTargetDependency;
			target = 733EB85E2EE729210066845E /* soft-time Watch App */;
			targetProxy = 733EB8612EE729210066845E /* PBXContainerItemProxy */;
		};
		733EB8732EE729230066845E /* PBXTargetDependency */ = {
			isa = PBXTargetDependency;
			target = 733EB85E2EE729210066845E /* soft-time Watch App */;
			targetProxy = 733EB8722EE729230066845E /* PBXContainerItemProxy */;
		};
		733EB87D2EE729230066845E /* PBXTargetDependency */ = {
			isa = PBXTargetDependency;
			target = 733EB85E2EE729210066845E /* soft-time Watch App */;
			targetProxy = 733EB87C2EE729230066845E /* PBXContainerItemProxy */;
		};
/* End PBXTargetDependency section */

/* Begin XCBuildConfiguration section */
		733EB8832EE729230066845E /* Debug */ = {
			isa = XCBuildConfiguration;
			buildSettings = {
				ALWAYS_SEARCH_USER_PATHS = NO;
				ASSETCATALOG_COMPILER_GENERATE_SWIFT_ASSET_SYMBOL_EXTENSIONS = YES;
				CLANG_ANALYZER_NONNULL = YES;
				CLANG_ANALYZER_NUMBER_OBJECT_CONVERSION = YES_AGGRESSIVE;
				CLANG_CXX_LANGUAGE_STANDARD = "gnu++20";
				CLANG_ENABLE_MODULES = YES;
				CLANG_ENABLE_OBJC_ARC = YES;
				CLANG_ENABLE_OBJC_WEAK = YES;
				CLANG_WARN_BLOCK_CAPTURE_AUTORELEASING = YES;
				CLANG_WARN_BOOL_CONVERSION = YES;
				CLANG_WARN_COMMA = YES;
				CLANG_WARN_CONSTANT_CONVERSION = YES;
				CLANG_WARN_DEPRECATED_OBJC_IMPLEMENTATIONS = YES;
				CLANG_WARN_DIRECT_OBJC_ISA_USAGE = YES_ERROR;
				CLANG_WARN_DOCUMENTATION_COMMENTS = YES;
				CLANG_WARN_EMPTY_BODY = YES;
				CLANG_WARN_ENUM_CONVERSION = YES;
				CLANG_WARN_INFINITE_RECURSION = YES;
				CLANG_WARN_INT_CONVERSION = YES;
				CLANG_WARN_NON_LITERAL_NULL_CONVERSION = YES;
				CLANG_WARN_OBJC_IMPLICIT_RETAIN_SELF = YES;
				CLANG_WARN_OBJC_LITERAL_CONVERSION = YES;
				CLANG_WARN_OBJC_ROOT_CLASS = YES_ERROR;
				CLANG_WARN_QUOTED_INCLUDE_IN_FRAMEWORK_HEADER = YES;
				CLANG_WARN_RANGE_LOOP_ANALYSIS = YES;
				CLANG_WARN_STRICT_PROTOTYPES = YES;
				CLANG_WARN_SUSPICIOUS_MOVE = YES;
				CLANG_WARN_UNGUARDED_AVAILABILITY = YES_AGGRESSIVE;
				CLANG_WARN_UNREACHABLE_CODE = YES;
				CLANG_WARN__DUPLICATE_METHOD_MATCH = YES;
				COPY_PHASE_STRIP = NO;
				DEBUG_INFORMATION_FORMAT = dwarf;
				ENABLE_STRICT_OBJC_MSGSEND = YES;
				ENABLE_TESTABILITY = YES;
				ENABLE_USER_SCRIPT_SANDBOXING = YES;
				GCC_C_LANGUAGE_STANDARD = gnu17;
				GCC_DYNAMIC_NO_PIC = NO;
				GCC_NO_COMMON_BLOCKS = YES;
				GCC_OPTIMIZATION_LEVEL = 0;
				GCC_PREPROCESSOR_DEFINITIONS = (
					"DEBUG=1",
					"$(inherited)",
				);
				GCC_WARN_64_TO_32_BIT_CONVERSION = YES;
				GCC_WARN_ABOUT_RETURN_TYPE = YES_ERROR;
				GCC_WARN_UNDECLARED_SELECTOR = YES;
				GCC_WARN_UNINITIALIZED_AUTOS = YES_AGGRESSIVE;
				GCC_WARN_UNUSED_FUNCTION = YES;
				GCC_WARN_UNUSED_VARIABLE = YES;
				LOCALIZATION_PREFERS_STRING_CATALOGS = YES;
				MTL_ENABLE_DEBUG_INFO = INCLUDE_SOURCE;
				MTL_FAST_MATH = YES;
				ONLY_ACTIVE_ARCH = YES;
				SWIFT_ACTIVE_COMPILATION_CONDITIONS = "DEBUG $(inherited)";
				SWIFT_OPTIMIZATION_LEVEL = "-Onone";
			};
			name = Debug;
		};
		733EB8842EE729230066845E /* Release */ = {
			isa = XCBuildConfiguration;
			buildSettings = {
				ALWAYS_SEARCH_USER_PATHS = NO;
				ASSETCATALOG_COMPILER_GENERATE_SWIFT_ASSET_SYMBOL_EXTENSIONS = YES;
				CLANG_ANALYZER_NONNULL = YES;
				CLANG_ANALYZER_NUMBER_OBJECT_CONVERSION = YES_AGGRESSIVE;
				CLANG_CXX_LANGUAGE_STANDARD = "gnu++20";
				CLANG_ENABLE_MODULES = YES;
				CLANG_ENABLE_OBJC_ARC = YES;
				CLANG_ENABLE_OBJC_WEAK = YES;
				CLANG_WARN_BLOCK_CAPTURE_AUTORELEASING = YES;
				CLANG_WARN_BOOL_CONVERSION = YES;
				CLANG_WARN_COMMA = YES;
				CLANG_WARN_CONSTANT_CONVERSION = YES;
				CLANG_WARN_DEPRECATED_OBJC_IMPLEMENTATIONS = YES;
				CLANG_WARN_DIRECT_OBJC_ISA_USAGE = YES_ERROR;
				CLANG_WARN_DOCUMENTATION_COMMENTS = YES;
				CLANG_WARN_EMPTY_BODY = YES;
				CLANG_WARN_ENUM_CONVERSION = YES;
				CLANG_WARN_INFINITE_RECURSION = YES;
				CLANG_WARN_INT_CONVERSION = YES;
				CLANG_WARN_NON_LITERAL_NULL_CONVERSION = YES;
				CLANG_WARN_OBJC_IMPLICIT_RETAIN_SELF = YES;
				CLANG_WARN_OBJC_LITERAL_CONVERSION = YES;
				CLANG_WARN_OBJC_ROOT_CLASS = YES_ERROR;
				CLANG_WARN_QUOTED_INCLUDE_IN_FRAMEWORK_HEADER = YES;
				CLANG_WARN_RANGE_LOOP_ANALYSIS = YES;
				CLANG_WARN_STRICT_PROTOTYPES = YES;
				CLANG_WARN_SUSPICIOUS_MOVE = YES;
				CLANG_WARN_UNGUARDED_AVAILABILITY = YES_AGGRESSIVE;
				CLANG_WARN_UNREACHABLE_CODE = YES;
				CLANG_WARN__DUPLICATE_METHOD_MATCH = YES;
				COPY_PHASE_STRIP = NO;
				DEBUG_INFORMATION_FORMAT = "dwarf-with-dsym";
				ENABLE_NS_ASSERTIONS = NO;
				ENABLE_STRICT_OBJC_MSGSEND = YES;
				ENABLE_USER_SCRIPT_SANDBOXING = YES;
				GCC_C_LANGUAGE_STANDARD = gnu17;
				GCC_NO_COMMON_BLOCKS = YES;
				GCC_WARN_64_TO_32_BIT_CONVERSION = YES;
				GCC_WARN_ABOUT_RETURN_TYPE = YES_ERROR;
				GCC_WARN_UNDECLARED_SELECTOR = YES;
				GCC_WARN_UNINITIALIZED_AUTOS = YES_AGGRESSIVE;
				GCC_WARN_UNUSED_FUNCTION = YES;
				GCC_WARN_UNUSED_VARIABLE = YES;
				LOCALIZATION_PREFERS_STRING_CATALOGS = YES;
				MTL_ENABLE_DEBUG_INFO = NO;
				MTL_FAST_MATH = YES;
				SWIFT_COMPILATION_MODE = wholemodule;
			};
			name = Release;
		};
		733EB8862EE729230066845E /* Debug */ = {
			isa = XCBuildConfiguration;
			buildSettings = {
				ASSETCATALOG_COMPILER_APPICON_NAME = AppIcon;
				ASSETCATALOG_COMPILER_GLOBAL_ACCENT_COLOR_NAME = AccentColor;
				CODE_SIGN_STYLE = Automatic;
				CURRENT_PROJECT_VERSION = 1;
				DEVELOPMENT_ASSET_PATHS = "\"soft-time Watch App/Preview Content\"";
				DEVELOPMENT_TEAM = H792YVXWUC;
				ENABLE_PREVIEWS = YES;
				GENERATE_INFOPLIST_FILE = YES;
				INFOPLIST_KEY_CFBundleDisplayName = "soft-time";
				INFOPLIST_KEY_UISupportedInterfaceOrientations = "UIInterfaceOrientationPortrait UIInterfaceOrientationPortraitUpsideDown";
				INFOPLIST_KEY_WKWatchOnly = YES;
				LD_RUNPATH_SEARCH_PATHS = (
					"$(inherited)",
					"@executable_path/Frameworks",
				);
				MARKETING_VERSION = 1.0;
				PRODUCT_BUNDLE_IDENTIFIER = "com.subairui.soft-time.watchkitapp";
				PRODUCT_NAME = "$(TARGET_NAME)";
				SDKROOT = watchos;
				SKIP_INSTALL = YES;
				SWIFT_EMIT_LOC_STRINGS = YES;
				SWIFT_VERSION = 5.0;
				TARGETED_DEVICE_FAMILY = 4;
				WATCHOS_DEPLOYMENT_TARGET = 26.1;
			};
			name = Debug;
		};
		733EB8872EE729230066845E /* Release */ = {
			isa = XCBuildConfiguration;
			buildSettings = {
				ASSETCATALOG_COMPILER_APPICON_NAME = AppIcon;
				ASSETCATALOG_COMPILER_GLOBAL_ACCENT_COLOR_NAME = AccentColor;
				CODE_SIGN_STYLE = Automatic;
				CURRENT_PROJECT_VERSION = 1;
				DEVELOPMENT_ASSET_PATHS = "\"soft-time Watch App/Preview Content\"";
				DEVELOPMENT_TEAM = H792YVXWUC;
				ENABLE_PREVIEWS = YES;
				GENERATE_INFOPLIST_FILE = YES;
				INFOPLIST_KEY_CFBundleDisplayName = "soft-time";
				INFOPLIST_KEY_UISupportedInterfaceOrientations = "UIInterfaceOrientationPortrait UIInterfaceOrientationPortraitUpsideDown";
				INFOPLIST_KEY_WKWatchOnly = YES;
				LD_RUNPATH_SEARCH_PATHS = (
					"$(inherited)",
					"@executable_path/Frameworks",
				);
				MARKETING_VERSION = 1.0;
				PRODUCT_BUNDLE_IDENTIFIER = "com.subairui.soft-time.watchkitapp";
				PRODUCT_NAME = "$(TARGET_NAME)";
				SDKROOT = watchos;
				SKIP_INSTALL = YES;
				SWIFT_EMIT_LOC_STRINGS = YES;
				SWIFT_VERSION = 5.0;
				TARGETED_DEVICE_FAMILY = 4;
				VALIDATE_PRODUCT = YES;
				WATCHOS_DEPLOYMENT_TARGET = 26.1;
			};
			name = Release;
		};
		733EB88A2EE729230066845E /* Debug */ = {
			isa = XCBuildConfiguration;
			buildSettings = {
				CODE_SIGN_STYLE = Automatic;
				CURRENT_PROJECT_VERSION = 1;
				DEVELOPMENT_TEAM = H792YVXWUC;
				INFOPLIST_KEY_CFBundleDisplayName = "soft-time";
				MARKETING_VERSION = 1.0;
				PRODUCT_BUNDLE_IDENTIFIER = "com.subairui.soft-time";
				PRODUCT_NAME = "$(TARGET_NAME)";
				SDKROOT = iphoneos;
				SWIFT_VERSION = 5.0;
			};
			name = Debug;
		};
		733EB88B2EE729230066845E /* Release */ = {
			isa = XCBuildConfiguration;
			buildSettings = {
				CODE_SIGN_STYLE = Automatic;
				CURRENT_PROJECT_VERSION = 1;
				DEVELOPMENT_TEAM = H792YVXWUC;
				INFOPLIST_KEY_CFBundleDisplayName = "soft-time";
				MARKETING_VERSION = 1.0;
				PRODUCT_BUNDLE_IDENTIFIER = "com.subairui.soft-time";
				PRODUCT_NAME = "$(TARGET_NAME)";
				SDKROOT = iphoneos;
				SWIFT_VERSION = 5.0;
				VALIDATE_PRODUCT = YES;
			};
			name = Release;
		};
		733EB88D2EE729230066845E /* Debug */ = {
			isa = XCBuildConfiguration;
			buildSettings = {
				BUNDLE_LOADER = "$(TEST_HOST)";
				CODE_SIGN_STYLE = Automatic;
				CURRENT_PROJECT_VERSION = 1;
				DEVELOPMENT_TEAM = H792YVXWUC;
				GENERATE_INFOPLIST_FILE = YES;
				MARKETING_VERSION = 1.0;
				PRODUCT_BUNDLE_IDENTIFIER = "com.subairui.soft-time-Watch-AppTests";
				PRODUCT_NAME = "$(TARGET_NAME)";
				SDKROOT = watchos;
				SWIFT_EMIT_LOC_STRINGS = NO;
				SWIFT_VERSION = 5.0;
				TARGETED_DEVICE_FAMILY = 4;
				TEST_HOST = "$(BUILT_PRODUCTS_DIR)/soft-time Watch App.app/$(BUNDLE_EXECUTABLE_FOLDER_PATH)/soft-time Watch App";
				WATCHOS_DEPLOYMENT_TARGET = 26.1;
			};
			name = Debug;
		};
		733EB88E2EE729230066845E /* Release */ = {
			isa = XCBuildConfiguration;
			buildSettings = {
				BUNDLE_LOADER = "$(TEST_HOST)";
				CODE_SIGN_STYLE = Automatic;
				CURRENT_PROJECT_VERSION = 1;
				DEVELOPMENT_TEAM = H792YVXWUC;
				GENERATE_INFOPLIST_FILE = YES;
				MARKETING_VERSION = 1.0;
				PRODUCT_BUNDLE_IDENTIFIER = "com.subairui.soft-time-Watch-AppTests";
				PRODUCT_NAME = "$(TARGET_NAME)";
				SDKROOT = watchos;
				SWIFT_EMIT_LOC_STRINGS = NO;
				SWIFT_VERSION = 5.0;
				TARGETED_DEVICE_FAMILY = 4;
				TEST_HOST = "$(BUILT_PRODUCTS_DIR)/soft-time Watch App.app/$(BUNDLE_EXECUTABLE_FOLDER_PATH)/soft-time Watch App";
				VALIDATE_PRODUCT = YES;
				WATCHOS_DEPLOYMENT_TARGET = 26.1;
			};
			name = Release;
		};
		733EB8902EE729230066845E /* Debug */ = {
			isa = XCBuildConfiguration;
			buildSettings = {
				CODE_SIGN_STYLE = Automatic;
				CURRENT_PROJECT_VERSION = 1;
				DEVELOPMENT_TEAM = H792YVXWUC;
				GENERATE_INFOPLIST_FILE = YES;
				MARKETING_VERSION = 1.0;
				PRODUCT_BUNDLE_IDENTIFIER = "com.subairui.soft-time-Watch-AppUITests";
				PRODUCT_NAME = "$(TARGET_NAME)";
				SDKROOT = watchos;
				SWIFT_EMIT_LOC_STRINGS = NO;
				SWIFT_VERSION = 5.0;
				TARGETED_DEVICE_FAMILY = 4;
				TEST_TARGET_NAME = "soft-time Watch App";
				WATCHOS_DEPLOYMENT_TARGET = 26.0;
			};
			name = Debug;
		};
		733EB8912EE729230066845E /* Release */ = {
			isa = XCBuildConfiguration;
			buildSettings = {
				CODE_SIGN_STYLE = Automatic;
				CURRENT_PROJECT_VERSION = 1;
				DEVELOPMENT_TEAM = H792YVXWUC;
				GENERATE_INFOPLIST_FILE = YES;
				MARKETING_VERSION = 1.0;
				PRODUCT_BUNDLE_IDENTIFIER = "com.subairui.soft-time-Watch-AppUITests";
				PRODUCT_NAME = "$(TARGET_NAME)";
				SDKROOT = watchos;
				SWIFT_EMIT_LOC_STRINGS = NO;
				SWIFT_VERSION = 5.0;
				TARGETED_DEVICE_FAMILY = 4;
				TEST_TARGET_NAME = "soft-time Watch App";
				VALIDATE_PRODUCT = YES;
				WATCHOS_DEPLOYMENT_TARGET = 26.0;
			};
			name = Release;
		};
/* End XCBuildConfiguration section */

/* Begin XCConfigurationList section */
		733EB8562EE729210066845E /* Build configuration list for PBXProject "soft-time" */ = {
			isa = XCConfigurationList;
			buildConfigurations = (
				733EB8832EE729230066845E /* Debug */,
				733EB8842EE729230066845E /* Release */,
			);
			defaultConfigurationIsVisible = 0;
			defaultConfigurationName = Release;
		};
		733EB8852EE729230066845E /* Build configuration list for PBXNativeTarget "soft-time Watch App" */ = {
			isa = XCConfigurationList;
			buildConfigurations = (
				733EB8862EE729230066845E /* Debug */,
				733EB8872EE729230066845E /* Release */,
			);
			defaultConfigurationIsVisible = 0;
			defaultConfigurationName = Release;
		};
		733EB8892EE729230066845E /* Build configuration list for PBXNativeTarget "soft-time" */ = {
			isa = XCConfigurationList;
			buildConfigurations = (
				733EB88A2EE729230066845E /* Debug */,
				733EB88B2EE729230066845E /* Release */,
			);
			defaultConfigurationIsVisible = 0;
			defaultConfigurationName = Release;
		};
		733EB88C2EE729230066845E /* Build configuration list for PBXNativeTarget "soft-time Watch AppTests" */ = {
			isa = XCConfigurationList;
			buildConfigurations = (
				733EB88D2EE729230066845E /* Debug */,
				733EB88E2EE729230066845E /* Release */,
			);
			defaultConfigurationIsVisible = 0;
			defaultConfigurationName = Release;
		};
		733EB88F2EE729230066845E /* Build configuration list for PBXNativeTarget "soft-time Watch AppUITests" */ = {
			isa = XCConfigurationList;
			buildConfigurations = (
				733EB8902EE729230066845E /* Debug */,
				733EB8912EE729230066845E /* Release */,
			);
			defaultConfigurationIsVisible = 0;
			defaultConfigurationName = Release;
		};
/* End XCConfigurationList section */
	};
	rootObject = 733EB8532EE729210066845E /* Project object */;
}
